// !$*UTF8*$!
{
	archiveVersion = 1;
	classes = {
	};
	objectVersion = 56;
	objects = {

/* Begin PBXBuildFile section */
		F281A09C2BC2C2C500A79728 /* AppDelegate.swift in Sources */ = {isa = PBXBuildFile; fileRef = F281A09B2BC2C2C500A79728 /* AppDelegate.swift */; };
		F281A09E2BC2C2C500A79728 /* SceneDelegate.swift in Sources */ = {isa = PBXBuildFile; fileRef = F281A09D2BC2C2C500A79728 /* SceneDelegate.swift */; };
		F281A0A02BC2C2C500A79728 /* ViewController.swift in Sources */ = {isa = PBXBuildFile; fileRef = F281A09F2BC2C2C500A79728 /* ViewController.swift */; };
		F281A0A32BC2C2C500A79728 /* Main.storyboard in Resources */ = {isa = PBXBuildFile; fileRef = F281A0A12BC2C2C500A79728 /* Main.storyboard */; };
		F281A0A52BC2C2C600A79728 /* Assets.xcassets in Resources */ = {isa = PBXBuildFile; fileRef = F281A0A42BC2C2C600A79728 /* Assets.xcassets */; };
		F281A0A82BC2C2C600A79728 /* LaunchScreen.storyboard in Resources */ = {isa = PBXBuildFile; fileRef = F281A0A62BC2C2C600A79728 /* LaunchScreen.storyboard */; };
		F281A0B02BC2C37700A79728 /* DualCameraRecorder.swift in Sources */ = {isa = PBXBuildFile; fileRef = F281A0AF2BC2C37700A79728 /* DualCameraRecorder.swift */; };
/* End PBXBuildFile section */

/* Begin PBXFileReference section */
		F281A0982BC2C2C500A79728 /* POC-Dual Camer.app */ = {isa = PBXFileReference; explicitFileType = wrapper.application; includeInIndex = 0; path = "POC-Dual Camer.app"; sourceTree = BUILT_PRODUCTS_DIR; };
		F281A09B2BC2C2C500A79728 /* AppDelegate.swift */ = {isa = PBXFileReference; lastKnownFileType = sourcecode.swift; path = AppDelegate.swift; sourceTree = "<group>"; };
		F281A09D2BC2C2C500A79728 /* SceneDelegate.swift */ = {isa = PBXFileReference; lastKnownFileType = sourcecode.swift; path = SceneDelegate.swift; sourceTree = "<group>"; };
		F281A09F2BC2C2C500A79728 /* ViewController.swift */ = {isa = PBXFileReference; lastKnownFileType = sourcecode.swift; path = ViewController.swift; sourceTree = "<group>"; };
		F281A0A22BC2C2C500A79728 /* Base */ = {isa = PBXFileReference; lastKnownFileType = file.storyboard; name = Base; path = Base.lproj/Main.storyboard; sourceTree = "<group>"; };
		F281A0A42BC2C2C600A79728 /* Assets.xcassets */ = {isa = PBXFileReference; lastKnownFileType = folder.assetcatalog; path = Assets.xcassets; sourceTree = "<group>"; };
		F281A0A72BC2C2C600A79728 /* Base */ = {isa = PBXFileReference; lastKnownFileType = file.storyboard; name = Base; path = Base.lproj/LaunchScreen.storyboard; sourceTree = "<group>"; };
		F281A0A92BC2C2C600A79728 /* Info.plist */ = {isa = PBXFileReference; lastKnownFileType = text.plist.xml; path = Info.plist; sourceTree = "<group>"; };
		F281A0AF2BC2C37700A79728 /* DualCameraRecorder.swift */ = {isa = PBXFileReference; lastKnownFileType = sourcecode.swift; path = DualCameraRecorder.swift; sourceTree = "<group>"; };
/* End PBXFileReference section */

/* Begin PBXFrameworksBuildPhase section */
		F281A0952BC2C2C500A79728 /* Frameworks */ = {
			isa = PBXFrameworksBuildPhase;
			buildActionMask = 2147483647;
			files = (
			);
			runOnlyForDeploymentPostprocessing = 0;
		};
/* End PBXFrameworksBuildPhase section */

/* Begin PBXGroup section */
		F281A08F2BC2C2C500A79728 = {
			isa = PBXGroup;
			children = (
				F281A09A2BC2C2C500A79728 /* POC-Dual Camer */,
				F281A0992BC2C2C500A79728 /* Products */,
			);
			sourceTree = "<group>";
		};
		F281A0992BC2C2C500A79728 /* Products */ = {
			isa = PBXGroup;
			children = (
				F281A0982BC2C2C500A79728 /* POC-Dual Camer.app */,
			);
			name = Products;
			sourceTree = "<group>";
		};
		F281A09A2BC2C2C500A79728 /* POC-Dual Camer */ = {
			isa = PBXGroup;
			children = (
				F281A09B2BC2C2C500A79728 /* AppDelegate.swift */,
				F281A09D2BC2C2C500A79728 /* SceneDelegate.swift */,
				F281A09F2BC2C2C500A79728 /* ViewController.swift */,
				F281A0A12BC2C2C500A79728 /* Main.storyboard */,
				F281A0A42BC2C2C600A79728 /* Assets.xcassets */,
				F281A0A62BC2C2C600A79728 /* LaunchScreen.storyboard */,
				F281A0A92BC2C2C600A79728 /* Info.plist */,
				F281A0AF2BC2C37700A79728 /* DualCameraRecorder.swift */,
			);
			path = "POC-Dual Camer";
			sourceTree = "<group>";
		};
/* End PBXGroup section */

/* Begin PBXNativeTarget section */
		F281A0972BC2C2C500A79728 /* POC-Dual Camer */ = {
			isa = PBXNativeTarget;
			buildConfigurationList = F281A0AC2BC2C2C600A79728 /* Build configuration list for PBXNativeTarget "POC-Dual Camer" */;
			buildPhases = (
				F281A0942BC2C2C500A79728 /* Sources */,
				F281A0952BC2C2C500A79728 /* Frameworks */,
				F281A0962BC2C2C500A79728 /* Resources */,
			);
			buildRules = (
			);
			dependencies = (
			);
			name = "POC-Dual Camer";
			productName = "POC-Dual Camer";
			productReference = F281A0982BC2C2C500A79728 /* POC-Dual Camer.app */;
			productType = "com.apple.product-type.application";
		};
/* End PBXNativeTarget section */

/* Begin PBXProject section */
		F281A0902BC2C2C500A79728 /* Project object */ = {
			isa = PBXProject;
			attributes = {
				BuildIndependentTargetsInParallel = 1;
				LastSwiftUpdateCheck = 1520;
				LastUpgradeCheck = 1520;
				TargetAttributes = {
					F281A0972BC2C2C500A79728 = {
						CreatedOnToolsVersion = 15.2;
					};
				};
			};
			buildConfigurationList = F281A0932BC2C2C500A79728 /* Build configuration list for PBXProject "POC-Dual Camer" */;
			compatibilityVersion = "Xcode 14.0";
			developmentRegion = en;
			hasScannedForEncodings = 0;
			knownRegions = (
				en,
				Base,
			);
			mainGroup = F281A08F2BC2C2C500A79728;
			productRefGroup = F281A0992BC2C2C500A79728 /* Products */;
			projectDirPath = "";
			projectRoot = "";
			targets = (
				F281A0972BC2C2C500A79728 /* POC-Dual Camer */,
			);
		};
/* End PBXProject section */

/* Begin PBXResourcesBuildPhase section */
		F281A0962BC2C2C500A79728 /* Resources */ = {
			isa = PBXResourcesBuildPhase;
			buildActionMask = 2147483647;
			files = (
				F281A0A82BC2C2C600A79728 /* LaunchScreen.storyboard in Resources */,
				F281A0A52BC2C2C600A79728 /* Assets.xcassets in Resources */,
				F281A0A32BC2C2C500A79728 /* Main.storyboard in Resources */,
			);
			runOnlyForDeploymentPostprocessing = 0;
		};
/* End PBXResourcesBuildPhase section */

/* Begin PBXSourcesBuildPhase section */
		F281A0942BC2C2C500A79728 /* Sources */ = {
			isa = PBXSourcesBuildPhase;
			buildActionMask = 2147483647;
			files = (
				F281A0B02BC2C37700A79728 /* DualCameraRecorder.swift in Sources */,
				F281A0A02BC2C2C500A79728 /* ViewController.swift in Sources */,
				F281A09C2BC2C2C500A79728 /* AppDelegate.swift in Sources */,
				F281A09E2BC2C2C500A79728 /* SceneDelegate.swift in Sources */,
			);
			runOnlyForDeploymentPostprocessing = 0;
		};
/* End PBXSourcesBuildPhase section */

/* Begin PBXVariantGroup section */
		F281A0A12BC2C2C500A79728 /* Main.storyboard */ = {
			isa = PBXVariantGroup;
			children = (
				F281A0A22BC2C2C500A79728 /* Base */,
			);
			name = Main.storyboard;
			sourceTree = "<group>";
		};
		F281A0A62BC2C2C600A79728 /* LaunchScreen.storyboard */ = {
			isa = PBXVariantGroup;
			children = (
				F281A0A72BC2C2C600A79728 /* Base */,
			);
			name = LaunchScreen.storyboard;
			sourceTree = "<group>";
		};
/* End PBXVariantGroup section */

/* Begin XCBuildConfiguration section */
		F281A0AA2BC2C2C600A79728 /* Debug */ = {
			isa = XCBuildConfiguration;
			buildSettings = {
				ALWAYS_SEARCH_USER_PATHS = NO;
				ASSETCATALOG_COMPILER_GENERATE_SWIFT_ASSET_SYMBOL_EXTENSIONS = YES;
				CLANG_ANALYZER_NONNULL = YES;
				CLANG_ANALYZER_NUMBER_OBJECT_CONVERSION = YES_AGGRESSIVE;
				CLANG_CXX_LANGUAGE_STANDARD = "gnu++20";
				CLANG_ENABLE_MODULES = YES;
				CLANG_ENABLE_OBJC_ARC = YES;
				CLANG_ENABLE_OBJC_WEAK = YES;
				CLANG_WARN_BLOCK_CAPTURE_AUTORELEASING = YES;
				CLANG_WARN_BOOL_CONVERSION = YES;
				CLANG_WARN_COMMA = YES;
				CLANG_WARN_CONSTANT_CONVERSION = YES;
				CLANG_WARN_DEPRECATED_OBJC_IMPLEMENTATIONS = YES;
				CLANG_WARN_DIRECT_OBJC_ISA_USAGE = YES_ERROR;
				CLANG_WARN_DOCUMENTATION_COMMENTS = YES;
				CLANG_WARN_EMPTY_BODY = YES;
				CLANG_WARN_ENUM_CONVERSION = YES;
				CLANG_WARN_INFINITE_RECURSION = YES;
				CLANG_WARN_INT_CONVERSION = YES;
				CLANG_WARN_NON_LITERAL_NULL_CONVERSION = YES;
				CLANG_WARN_OBJC_IMPLICIT_RETAIN_SELF = YES;
				CLANG_WARN_OBJC_LITERAL_CONVERSION = YES;
				CLANG_WARN_OBJC_ROOT_CLASS = YES_ERROR;
				CLANG_WARN_QUOTED_INCLUDE_IN_FRAMEWORK_HEADER = YES;
				CLANG_WARN_RANGE_LOOP_ANALYSIS = YES;
				CLANG_WARN_STRICT_PROTOTYPES = YES;
				CLANG_WARN_SUSPICIOUS_MOVE = YES;
				CLANG_WARN_UNGUARDED_AVAILABILITY = YES_AGGRESSIVE;
				CLANG_WARN_UNREACHABLE_CODE = YES;
				CLANG_WARN__DUPLICATE_METHOD_MATCH = YES;
				COPY_PHASE_STRIP = NO;
				DEBUG_INFORMATION_FORMAT = dwarf;
				ENABLE_STRICT_OBJC_MSGSEND = YES;
				ENABLE_TESTABILITY = YES;
				ENABLE_USER_SCRIPT_SANDBOXING = YES;
				GCC_C_LANGUAGE_STANDARD = gnu17;
				GCC_DYNAMIC_NO_PIC = NO;
				GCC_NO_COMMON_BLOCKS = YES;
				GCC_OPTIMIZATION_LEVEL = 0;
				GCC_PREPROCESSOR_DEFINITIONS = (
					"DEBUG=1",
					"$(inherited)",
				);
				GCC_WARN_64_TO_32_BIT_CONVERSION = YES;
				GCC_WARN_ABOUT_RETURN_TYPE = YES_ERROR;
				GCC_WARN_UNDECLARED_SELECTOR = YES;
				GCC_WARN_UNINITIALIZED_AUTOS = YES_AGGRESSIVE;
				GCC_WARN_UNUSED_FUNCTION = YES;
				GCC_WARN_UNUSED_VARIABLE = YES;
				IPHONEOS_DEPLOYMENT_TARGET = 17.2;
				LOCALIZATION_PREFERS_STRING_CATALOGS = YES;
				MTL_ENABLE_DEBUG_INFO = INCLUDE_SOURCE;
				MTL_FAST_MATH = YES;
				ONLY_ACTIVE_ARCH = YES;
				SDKROOT = iphoneos;
				SWIFT_ACTIVE_COMPILATION_CONDITIONS = "DEBUG $(inherited)";
				SWIFT_OPTIMIZATION_LEVEL = "-Onone";
			};
			name = Debug;
		};
		F281A0AB2BC2C2C600A79728 /* Release */ = {
			isa = XCBuildConfiguration;
			buildSettings = {
				ALWAYS_SEARCH_USER_PATHS = NO;
				ASSETCATALOG_COMPILER_GENERATE_SWIFT_ASSET_SYMBOL_EXTENSIONS = YES;
				CLANG_ANALYZER_NONNULL = YES;
				CLANG_ANALYZER_NUMBER_OBJECT_CONVERSION = YES_AGGRESSIVE;
				CLANG_CXX_LANGUAGE_STANDARD = "gnu++20";
				CLANG_ENABLE_MODULES = YES;
				CLANG_ENABLE_OBJC_ARC = YES;
				CLANG_ENABLE_OBJC_WEAK = YES;
				CLANG_WARN_BLOCK_CAPTURE_AUTORELEASING = YES;
				CLANG_WARN_BOOL_CONVERSION = YES;
				CLANG_WARN_COMMA = YES;
				CLANG_WARN_CONSTANT_CONVERSION = YES;
				CLANG_WARN_DEPRECATED_OBJC_IMPLEMENTATIONS = YES;
				CLANG_WARN_DIRECT_OBJC_ISA_USAGE = YES_ERROR;
				CLANG_WARN_DOCUMENTATION_COMMENTS = YES;
				CLANG_WARN_EMPTY_BODY = YES;
				CLANG_WARN_ENUM_CONVERSION = YES;
				CLANG_WARN_INFINITE_RECURSION = YES;
				CLANG_WARN_INT_CONVERSION = YES;
				CLANG_WARN_NON_LITERAL_NULL_CONVERSION = YES;
				CLANG_WARN_OBJC_IMPLICIT_RETAIN_SELF = YES;
				CLANG_WARN_OBJC_LITERAL_CONVERSION = YES;
				CLANG_WARN_OBJC_ROOT_CLASS = YES_ERROR;
				CLANG_WARN_QUOTED_INCLUDE_IN_FRAMEWORK_HEADER = YES;
				CLANG_WARN_RANGE_LOOP_ANALYSIS = YES;
				CLANG_WARN_STRICT_PROTOTYPES = YES;
				CLANG_WARN_SUSPICIOUS_MOVE = YES;
				CLANG_WARN_UNGUARDED_AVAILABILITY = YES_AGGRESSIVE;
				CLANG_WARN_UNREACHABLE_CODE = YES;
				CLANG_WARN__DUPLICATE_METHOD_MATCH = YES;
				COPY_PHASE_STRIP = NO;
				DEBUG_INFORMATION_FORMAT = "dwarf-with-dsym";
				ENABLE_NS_ASSERTIONS = NO;
				ENABLE_STRICT_OBJC_MSGSEND = YES;
				ENABLE_USER_SCRIPT_SANDBOXING = YES;
				GCC_C_LANGUAGE_STANDARD = gnu17;
				GCC_NO_COMMON_BLOCKS = YES;
				GCC_WARN_64_TO_32_BIT_CONVERSION = YES;
				GCC_WARN_ABOUT_RETURN_TYPE = YES_ERROR;
				GCC_WARN_UNDECLARED_SELECTOR = YES;
				GCC_WARN_UNINITIALIZED_AUTOS = YES_AGGRESSIVE;
				GCC_WARN_UNUSED_FUNCTION = YES;
				GCC_WARN_UNUSED_VARIABLE = YES;
				IPHONEOS_DEPLOYMENT_TARGET = 17.2;
				LOCALIZATION_PREFERS_STRING_CATALOGS = YES;
				MTL_ENABLE_DEBUG_INFO = NO;
				MTL_FAST_MATH = YES;
				SDKROOT = iphoneos;
				SWIFT_COMPILATION_MODE = wholemodule;
				VALIDATE_PRODUCT = YES;
			};
			name = Release;
		};
		F281A0AD2BC2C2C600A79728 /* Debug */ = {
			isa = XCBuildConfiguration;
			buildSettings = {
				ASSETCATALOG_COMPILER_APPICON_NAME = AppIcon;
				ASSETCATALOG_COMPILER_GLOBAL_ACCENT_COLOR_NAME = AccentColor;
				CODE_SIGN_STYLE = Automatic;
				CURRENT_PROJECT_VERSION = 1;
				DEVELOPMENT_TEAM = 4225W82C95;
				GENERATE_INFOPLIST_FILE = YES;
				INFOPLIST_FILE = "POC-Dual Camer/Info.plist";
				INFOPLIST_KEY_NSCameraUsageDescription = asdf;
				INFOPLIST_KEY_UIApplicationSupportsIndirectInputEvents = YES;
				INFOPLIST_KEY_UILaunchStoryboardName = LaunchScreen;
				INFOPLIST_KEY_UIMainStoryboardFile = Main;
				INFOPLIST_KEY_UISupportedInterfaceOrientations_iPad = "UIInterfaceOrientationPortrait UIInterfaceOrientationPortraitUpsideDown UIInterfaceOrientationLandscapeLeft UIInterfaceOrientationLandscapeRight";
				INFOPLIST_KEY_UISupportedInterfaceOrientations_iPhone = "UIInterfaceOrientationPortrait UIInterfaceOrientationLandscapeLeft UIInterfaceOrientationLandscapeRight";
				LD_RUNPATH_SEARCH_PATHS = (
					"$(inherited)",
					"@executable_path/Frameworks",
				);
				MARKETING_VERSION = 1.0;
				PRODUCT_BUNDLE_IDENTIFIER = "com.devsonics.POC-Dual-Camer";
				PRODUCT_NAME = "$(TARGET_NAME)";
				SWIFT_EMIT_LOC_STRINGS = YES;
				SWIFT_VERSION = 5.0;
				TARGETED_DEVICE_FAMILY = "1,2";
			};
			name = Debug;
		};
		F281A0AE2BC2C2C600A79728 /* Release */ = {
			isa = XCBuildConfiguration;
			buildSettings = {
				ASSETCATALOG_COMPILER_APPICON_NAME = AppIcon;
				ASSETCATALOG_COMPILER_GLOBAL_ACCENT_COLOR_NAME = AccentColor;
				CODE_SIGN_STYLE = Automatic;
				CURRENT_PROJECT_VERSION = 1;
				DEVELOPMENT_TEAM = 4225W82C95;
				GENERATE_INFOPLIST_FILE = YES;
				INFOPLIST_FILE = "POC-Dual Camer/Info.plist";
				INFOPLIST_KEY_NSCameraUsageDescription = asdf;
				INFOPLIST_KEY_UIApplicationSupportsIndirectInputEvents = YES;
				INFOPLIST_KEY_UILaunchStoryboardName = LaunchScreen;
				INFOPLIST_KEY_UIMainStoryboardFile = Main;
				INFOPLIST_KEY_UISupportedInterfaceOrientations_iPad = "UIInterfaceOrientationPortrait UIInterfaceOrientationPortraitUpsideDown UIInterfaceOrientationLandscapeLeft UIInterfaceOrientationLandscapeRight";
				INFOPLIST_KEY_UISupportedInterfaceOrientations_iPhone = "UIInterfaceOrientationPortrait UIInterfaceOrientationLandscapeLeft UIInterfaceOrientationLandscapeRight";
				LD_RUNPATH_SEARCH_PATHS = (
					"$(inherited)",
					"@executable_path/Frameworks",
				);
				MARKETING_VERSION = 1.0;
				PRODUCT_BUNDLE_IDENTIFIER = "com.devsonics.POC-Dual-Camer";
				PRODUCT_NAME = "$(TARGET_NAME)";
				SWIFT_EMIT_LOC_STRINGS = YES;
				SWIFT_VERSION = 5.0;
				TARGETED_DEVICE_FAMILY = "1,2";
			};
			name = Release;
		};
/* End XCBuildConfiguration section */

/* Begin XCConfigurationList section */
		F281A0932BC2C2C500A79728 /* Build configuration list for PBXProject "POC-Dual Camer" */ = {
			isa = XCConfigurationList;
			buildConfigurations = (
				F281A0AA2BC2C2C600A79728 /* Debug */,
				F281A0AB2BC2C2C600A79728 /* Release */,
			);
			defaultConfigurationIsVisible = 0;
			defaultConfigurationName = Release;
		};
		F281A0AC2BC2C2C600A79728 /* Build configuration list for PBXNativeTarget "POC-Dual Camer" */ = {
			isa = XCConfigurationList;
			buildConfigurations = (
				F281A0AD2BC2C2C600A79728 /* Debug */,
				F281A0AE2BC2C2C600A79728 /* Release */,
			);
			defaultConfigurationIsVisible = 0;
			defaultConfigurationName = Release;
		};
/* End XCConfigurationList section */
	};
	rootObject = F281A0902BC2C2C500A79728 /* Project object */;
}
